
Microsoft Visual Studio Solution File, Format Version 12.00
# Visual Studio Version 17
VisualStudioVersion = 17.8.34511.84
MinimumVisualStudioVersion = 10.0.40219.1
Project("{9A19103F-16F7-4668-BE54-9A1E7A4F7556}") = "DesafioProjetoHospedagem", "DesafioProjetoHospedagem.csproj", "{8D21FDB1-E50A-410D-90AA-28601775A23C}"
EndProject
Global
	GlobalSection(SolutionConfigurationPlatforms) = preSolution
		Debug|Any CPU = Debug|Any CPU
		Release|Any CPU = Release|Any CPU
	EndGlobalSection
	GlobalSection(ProjectConfigurationPlatforms) = postSolution
		{8D21FDB1-E50A-410D-90AA-28601775A23C}.Debug|Any CPU.ActiveCfg = Debug|Any CPU
		{8D21FDB1-E50A-410D-90AA-28601775A23C}.Debug|Any CPU.Build.0 = Debug|Any CPU
		{8D21FDB1-E50A-410D-90AA-28601775A23C}.Release|Any CPU.ActiveCfg = Release|Any CPU
		{8D21FDB1-E50A-410D-90AA-28601775A23C}.Release|Any CPU.Build.0 = Release|Any CPU
	EndGlobalSection
	GlobalSection(SolutionProperties) = preSolution
		HideSolutionNode = FALSE
	EndGlobalSection
	GlobalSection(ExtensibilityGlobals) = postSolution
		SolutionGuid = {8CF2B999-2B7A-4B8B-9F90-15312A7C9409}
	EndGlobalSection
EndGlobal
